{
    "_readme": [
        "This file locks the dependencies of your project to a known state",
        "Read more about it at https://getcomposer.org/doc/01-basic-usage.md#installing-dependencies",
        "This file is @generated automatically"
    ],
    "content-hash": "f418090284a50f192d4e2cd2918f6743",
    "packages": [
        {
            "name": "socarrat/events",
            "version": "v0.1.0",
            "source": {
                "type": "git",
                "url": "https://github.com/socarrat-php/events.git",
                "reference": "a4c0c0e50e8670067bed47c9726a167cd2f74dbe"
            },
            "dist": {
                "type": "zip",
                "url": "https://api.github.com/repos/socarrat-php/events/zipball/a4c0c0e50e8670067bed47c9726a167cd2f74dbe",
                "reference": "a4c0c0e50e8670067bed47c9726a167cd2f74dbe",
                "shasum": ""
            },
            "require": {
                "php": ">=8.0"
            },
            "type": "library",
            "autoload": {
                "psr-4": {
                    "Socarrat\\Events\\": "src/"
                }
            },
            "notification-url": "https://packagist.org/downloads/",
            "license": [
                "MIT"
            ],
            "authors": [
                {
                    "name": "Romein van Buren",
                    "email": "romein@vburen.nl"
                }
            ],
            "description": "Simple event/hook system. Suited for all types of PHP projects.",
            "keywords": [
                "HOOK",
                "event",
                "events",
                "hooks"
            ],
            "support": {
                "issues": "https://github.com/socarrat-php/events/issues",
                "source": "https://github.com/socarrat-php/events/tree/v0.1.0"
            },
            "time": "2023-05-04T16:17:32+00:00"
        },
        {
            "name": "socarrat/logging",
            "version": "v0.1.0",
            "source": {
                "type": "git",
                "url": "https://github.com/socarrat-php/logging.git",
                "reference": "2474b7a0c63dfc1d19958021e97e1171ca620943"
            },
            "dist": {
                "type": "zip",
                "url": "https://api.github.com/repos/socarrat-php/logging/zipball/2474b7a0c63dfc1d19958021e97e1171ca620943",
                "reference": "2474b7a0c63dfc1d19958021e97e1171ca620943",
                "shasum": ""
            },
            "type": "library",
            "autoload": {
                "psr-4": {
                    "Socarrat\\Logging\\": "src/"
                }
            },
            "notification-url": "https://packagist.org/downloads/",
            "license": [
                "MIT"
            ],
            "authors": [
                {
                    "name": "Romein van Buren",
                    "email": "romein@vburen.nl"
                }
            ],
            "description": "Robust logging library for every application.",
            "support": {
                "issues": "https://github.com/socarrat-php/logging/issues",
                "source": "https://github.com/socarrat-php/logging/tree/v0.1.0"
            },
            "time": "2023-05-07T10:36:23+00:00"
        }
    ],
    "packages-dev": [],
    "aliases": [],
    "minimum-stability": "stable",
    "stability-flags": [],
    "prefer-stable": false,
    "prefer-lowest": false,
    "platform": [],
    "platform-dev": [],
    "plugin-api-version": "2.2.0"
}
